// !$*UTF8*$!
{
	archiveVersion = 1;
	classes = {
	};
	objectVersion = 46;
	objects = {

/* Begin PBXBuildFile section */
		1CA920F41B97656B00C35573 /* OpenGL.framework in Frameworks */ = {isa = PBXBuildFile; fileRef = 1CA920F31B97656B00C35573 /* OpenGL.framework */; };
		1CA920F61B97657400C35573 /* GLUT.framework in Frameworks */ = {isa = PBXBuildFile; fileRef = 1CA920F51B97657400C35573 /* GLUT.framework */; };
		1CA920FF1B97662200C35573 /* example1.cp in Sources */ = {isa = PBXBuildFile; fileRef = 1CA920F91B97662200C35573 /* example1.cp */; };
		1CA921001B97662200C35573 /* InitShader.cp in Sources */ = {isa = PBXBuildFile; fileRef = 1CA920FB1B97662200C35573 /* InitShader.cp */; };
/* End PBXBuildFile section */

/* Begin PBXCopyFilesBuildPhase section */
		1CA920E61B97645200C35573 /* CopyFiles */ = {
			isa = PBXCopyFilesBuildPhase;
			buildActionMask = 2147483647;
			dstPath = /usr/share/man/man1/;
			dstSubfolderSpec = 0;
			files = (
			);
			runOnlyForDeploymentPostprocessing = 1;
		};
/* End PBXCopyFilesBuildPhase section */

/* Begin PBXFileReference section */
		1CA920E81B97645200C35573 /* Test2 */ = {isa = PBXFileReference; explicitFileType = "compiled.mach-o.executable"; includeInIndex = 0; path = Test2; sourceTree = BUILT_PRODUCTS_DIR; };
		1CA920F31B97656B00C35573 /* OpenGL.framework */ = {isa = PBXFileReference; lastKnownFileType = wrapper.framework; name = OpenGL.framework; path = System/Library/Frameworks/OpenGL.framework; sourceTree = SDKROOT; };
		1CA920F51B97657400C35573 /* GLUT.framework */ = {isa = PBXFileReference; lastKnownFileType = wrapper.framework; name = GLUT.framework; path = System/Library/Frameworks/GLUT.framework; sourceTree = SDKROOT; };
		1CA920F71B97662200C35573 /* Angel.h */ = {isa = PBXFileReference; fileEncoding = 4; lastKnownFileType = sourcecode.c.h; name = Angel.h; path = ../../test2source/Angel.h; sourceTree = "<group>"; };
		1CA920F81B97662200C35573 /* CheckError.h */ = {isa = PBXFileReference; fileEncoding = 4; lastKnownFileType = sourcecode.c.h; name = CheckError.h; path = ../../test2source/CheckError.h; sourceTree = "<group>"; };
		1CA920F91B97662200C35573 /* example1.cp */ = {isa = PBXFileReference; fileEncoding = 4; lastKnownFileType = sourcecode.cpp.cpp; name = example1.cp; path = ../../test2source/example1.cp; sourceTree = "<group>"; };
		1CA920FA1B97662200C35573 /* fshader31.glsl */ = {isa = PBXFileReference; fileEncoding = 4; lastKnownFileType = text; name = fshader31.glsl; path = ../../test2source/fshader31.glsl; sourceTree = "<group>"; };
		1CA920FB1B97662200C35573 /* InitShader.cp */ = {isa = PBXFileReference; fileEncoding = 4; lastKnownFileType = sourcecode.cpp.cpp; name = InitShader.cp; path = ../../test2source/InitShader.cp; sourceTree = "<group>"; };
		1CA920FC1B97662200C35573 /* mat.h */ = {isa = PBXFileReference; fileEncoding = 4; lastKnownFileType = sourcecode.c.h; name = mat.h; path = ../../test2source/mat.h; sourceTree = "<group>"; };
		1CA920FD1B97662200C35573 /* vec.h */ = {isa = PBXFileReference; fileEncoding = 4; lastKnownFileType = sourcecode.c.h; name = vec.h; path = ../../test2source/vec.h; sourceTree = "<group>"; };
		1CA920FE1B97662200C35573 /* vshader31.glsl */ = {isa = PBXFileReference; fileEncoding = 4; lastKnownFileType = text; name = vshader31.glsl; path = ../../test2source/vshader31.glsl; sourceTree = "<group>"; };
/* End PBXFileReference section */

/* Begin PBXFrameworksBuildPhase section */
		1CA920E51B97645200C35573 /* Frameworks */ = {
			isa = PBXFrameworksBuildPhase;
			buildActionMask = 2147483647;
			files = (
				1CA920F61B97657400C35573 /* GLUT.framework in Frameworks */,
				1CA920F41B97656B00C35573 /* OpenGL.framework in Frameworks */,
			);
			runOnlyForDeploymentPostprocessing = 0;
		};
/* End PBXFrameworksBuildPhase section */

/* Begin PBXGroup section */
		1CA920DF1B97645200C35573 = {
			isa = PBXGroup;
			children = (
				1CA920F51B97657400C35573 /* GLUT.framework */,
				1CA920F31B97656B00C35573 /* OpenGL.framework */,
				1CA920EA1B97645200C35573 /* Test2 */,
				1CA920E91B97645200C35573 /* Products */,
			);
			sourceTree = "<group>";
		};
		1CA920E91B97645200C35573 /* Products */ = {
			isa = PBXGroup;
			children = (
				1CA920E81B97645200C35573 /* Test2 */,
			);
			name = Products;
			sourceTree = "<group>";
		};
		1CA920EA1B97645200C35573 /* Test2 */ = {
			isa = PBXGroup;
			children = (
				1CA920F71B97662200C35573 /* Angel.h */,
				1CA920F81B97662200C35573 /* CheckError.h */,
				1CA920F91B97662200C35573 /* example1.cp */,
				1CA920FA1B97662200C35573 /* fshader31.glsl */,
				1CA920FB1B97662200C35573 /* InitShader.cp */,
				1CA920FC1B97662200C35573 /* mat.h */,
				1CA920FD1B97662200C35573 /* vec.h */,
				1CA920FE1B97662200C35573 /* vshader31.glsl */,
			);
			path = Test2;
			sourceTree = "<group>";
		};
/* End PBXGroup section */

/* Begin PBXNativeTarget section */
		1CA920E71B97645200C35573 /* Test2 */ = {
			isa = PBXNativeTarget;
			buildConfigurationList = 1CA920EF1B97645200C35573 /* Build configuration list for PBXNativeTarget "Test2" */;
			buildPhases = (
				1CA920E41B97645200C35573 /* Sources */,
				1CA920E51B97645200C35573 /* Frameworks */,
				1CA920E61B97645200C35573 /* CopyFiles */,
			);
			buildRules = (
			);
			dependencies = (
			);
			name = Test2;
			productName = Test2;
			productReference = 1CA920E81B97645200C35573 /* Test2 */;
			productType = "com.apple.product-type.tool";
		};
/* End PBXNativeTarget section */

/* Begin PBXProject section */
		1CA920E01B97645200C35573 /* Project object */ = {
			isa = PBXProject;
			attributes = {
				LastUpgradeCheck = 0640;
				ORGANIZATIONNAME = "Stone, Tucker (Student)";
				TargetAttributes = {
					1CA920E71B97645200C35573 = {
						CreatedOnToolsVersion = 6.4;
					};
				};
			};
			buildConfigurationList = 1CA920E31B97645200C35573 /* Build configuration list for PBXProject "Test2" */;
			compatibilityVersion = "Xcode 3.2";
			developmentRegion = English;
			hasScannedForEncodings = 0;
			knownRegions = (
				en,
			);
			mainGroup = 1CA920DF1B97645200C35573;
			productRefGroup = 1CA920E91B97645200C35573 /* Products */;
			projectDirPath = "";
			projectRoot = "";
			targets = (
				1CA920E71B97645200C35573 /* Test2 */,
			);
		};
/* End PBXProject section */

/* Begin PBXSourcesBuildPhase section */
		1CA920E41B97645200C35573 /* Sources */ = {
			isa = PBXSourcesBuildPhase;
			buildActionMask = 2147483647;
			files = (
				1CA920FF1B97662200C35573 /* example1.cp in Sources */,
				1CA921001B97662200C35573 /* InitShader.cp in Sources */,
			);
			runOnlyForDeploymentPostprocessing = 0;
		};
/* End PBXSourcesBuildPhase section */

/* Begin XCBuildConfiguration section */
		1CA920ED1B97645200C35573 /* Debug */ = {
			isa = XCBuildConfiguration;
			buildSettings = {
				ALWAYS_SEARCH_USER_PATHS = NO;
				CLANG_CXX_LANGUAGE_STANDARD = "gnu++0x";
				CLANG_CXX_LIBRARY = "libc++";
				CLANG_ENABLE_MODULES = YES;
				CLANG_ENABLE_OBJC_ARC = YES;
				CLANG_WARN_BOOL_CONVERSION = YES;
				CLANG_WARN_CONSTANT_CONVERSION = YES;
				CLANG_WARN_DIRECT_OBJC_ISA_USAGE = YES_ERROR;
				CLANG_WARN_EMPTY_BODY = YES;
				CLANG_WARN_ENUM_CONVERSION = YES;
				CLANG_WARN_INT_CONVERSION = YES;
				CLANG_WARN_OBJC_ROOT_CLASS = YES_ERROR;
				CLANG_WARN_UNREACHABLE_CODE = YES;
				CLANG_WARN__DUPLICATE_METHOD_MATCH = YES;
				COPY_PHASE_STRIP = NO;
				DEBUG_INFORMATION_FORMAT = dwarf;
				ENABLE_STRICT_OBJC_MSGSEND = YES;
				GCC_C_LANGUAGE_STANDARD = gnu99;
				GCC_DYNAMIC_NO_PIC = NO;
				GCC_NO_COMMON_BLOCKS = YES;
				GCC_OPTIMIZATION_LEVEL = 0;
				GCC_SYMBOLS_PRIVATE_EXTERN = NO;
				GCC_WARN_64_TO_32_BIT_CONVERSION = YES;
				GCC_WARN_ABOUT_RETURN_TYPE = YES_ERROR;
				GCC_WARN_UNDECLARED_SELECTOR = YES;
				GCC_WARN_UNINITIALIZED_AUTOS = YES_AGGRESSIVE;
				GCC_WARN_UNUSED_FUNCTION = YES;
				GCC_WARN_UNUSED_VARIABLE = YES;
				MACOSX_DEPLOYMENT_TARGET = 10.10;
				MTL_ENABLE_DEBUG_INFO = YES;
				ONLY_ACTIVE_ARCH = YES;
				SDKROOT = macosx;
			};
			name = Debug;
		};
		1CA920EE1B97645200C35573 /* Release */ = {
			isa = XCBuildConfiguration;
			buildSettings = {
				ALWAYS_SEARCH_USER_PATHS = NO;
				CLANG_CXX_LANGUAGE_STANDARD = "gnu++0x";
				CLANG_CXX_LIBRARY = "libc++";
				CLANG_ENABLE_MODULES = YES;
				CLANG_ENABLE_OBJC_ARC = YES;
				CLANG_WARN_BOOL_CONVERSION = YES;
				CLANG_WARN_CONSTANT_CONVERSION = YES;
				CLANG_WARN_DIRECT_OBJC_ISA_USAGE = YES_ERROR;
				CLANG_WARN_EMPTY_BODY = YES;
				CLANG_WARN_ENUM_CONVERSION = YES;
				CLANG_WARN_INT_CONVERSION = YES;
				CLANG_WARN_OBJC_ROOT_CLASS = YES_ERROR;
				CLANG_WARN_UNREACHABLE_CODE = YES;
				CLANG_WARN__DUPLICATE_METHOD_MATCH = YES;
				COPY_PHASE_STRIP = NO;
				DEBUG_INFORMATION_FORMAT = "dwarf-with-dsym";
				ENABLE_NS_ASSERTIONS = NO;
				ENABLE_STRICT_OBJC_MSGSEND = YES;
				GCC_C_LANGUAGE_STANDARD = gnu99;
				GCC_NO_COMMON_BLOCKS = YES;
				GCC_WARN_64_TO_32_BIT_CONVERSION = YES;
				GCC_WARN_ABOUT_RETURN_TYPE = YES_ERROR;
				GCC_WARN_UNDECLARED_SELECTOR = YES;
				GCC_WARN_UNINITIALIZED_AUTOS = YES_AGGRESSIVE;
				GCC_WARN_UNUSED_FUNCTION = YES;
				GCC_WARN_UNUSED_VARIABLE = YES;
				MACOSX_DEPLOYMENT_TARGET = 10.10;
				MTL_ENABLE_DEBUG_INFO = NO;
				SDKROOT = macosx;
			};
			name = Release;
		};
		1CA920F01B97645200C35573 /* Debug */ = {
			isa = XCBuildConfiguration;
			buildSettings = {
				PRODUCT_NAME = "$(TARGET_NAME)";
			};
			name = Debug;
		};
		1CA920F11B97645200C35573 /* Release */ = {
			isa = XCBuildConfiguration;
			buildSettings = {
				PRODUCT_NAME = "$(TARGET_NAME)";
			};
			name = Release;
		};
/* End XCBuildConfiguration section */

/* Begin XCConfigurationList section */
		1CA920E31B97645200C35573 /* Build configuration list for PBXProject "Test2" */ = {
			isa = XCConfigurationList;
			buildConfigurations = (
				1CA920ED1B97645200C35573 /* Debug */,
				1CA920EE1B97645200C35573 /* Release */,
			);
			defaultConfigurationIsVisible = 0;
			defaultConfigurationName = Release;
		};
		1CA920EF1B97645200C35573 /* Build configuration list for PBXNativeTarget "Test2" */ = {
			isa = XCConfigurationList;
			buildConfigurations = (
				1CA920F01B97645200C35573 /* Debug */,
				1CA920F11B97645200C35573 /* Release */,
			);
			defaultConfigurationIsVisible = 0;
		};
/* End XCConfigurationList section */
	};
	rootObject = 1CA920E01B97645200C35573 /* Project object */;
}
